// !$*UTF8*$!
{
	archiveVersion = 1;
	classes = {
	};
	objectVersion = 51;
	objects = {

/* Begin PBXBuildFile section */
		DD12893CF9477C3B76696465 /* Pods_Todoey.framework in Frameworks */ = {isa = PBXBuildFile; fileRef = 9B55088E2AE101CBA886FF84 /* Pods_Todoey.framework */; };
		EE6DF1F32302EE1300426496 /* AppDelegate.swift in Sources */ = {isa = PBXBuildFile; fileRef = EE6DF1F22302EE1300426496 /* AppDelegate.swift */; };
		EE6DF1F52302EE1300426496 /* ToDoListViewController.swift in Sources */ = {isa = PBXBuildFile; fileRef = EE6DF1F42302EE1300426496 /* ToDoListViewController.swift */; };
		EE6DF1F82302EE1300426496 /* Main.storyboard in Resources */ = {isa = PBXBuildFile; fileRef = EE6DF1F62302EE1300426496 /* Main.storyboard */; };
		EE6DF1FA2302EE1500426496 /* Assets.xcassets in Resources */ = {isa = PBXBuildFile; fileRef = EE6DF1F92302EE1500426496 /* Assets.xcassets */; };
		EE6DF1FD2302EE1500426496 /* LaunchScreen.storyboard in Resources */ = {isa = PBXBuildFile; fileRef = EE6DF1FB2302EE1500426496 /* LaunchScreen.storyboard */; };
		EED404212305936E0084EF0F /* CategoryTableViewController.swift in Sources */ = {isa = PBXBuildFile; fileRef = EED404202305936E0084EF0F /* CategoryTableViewController.swift */; };
		EED404252305B4D50084EF0F /* Item.swift in Sources */ = {isa = PBXBuildFile; fileRef = EED404242305B4D50084EF0F /* Item.swift */; };
		EED404272305B4E20084EF0F /* Category.swift in Sources */ = {isa = PBXBuildFile; fileRef = EED404262305B4E20084EF0F /* Category.swift */; };
/* End PBXBuildFile section */

/* Begin PBXFileReference section */
		9B55088E2AE101CBA886FF84 /* Pods_Todoey.framework */ = {isa = PBXFileReference; explicitFileType = wrapper.framework; includeInIndex = 0; path = Pods_Todoey.framework; sourceTree = BUILT_PRODUCTS_DIR; };
		C55EC2A106FCB41BBA014B76 /* Pods-Todoey.debug.xcconfig */ = {isa = PBXFileReference; includeInIndex = 1; lastKnownFileType = text.xcconfig; name = "Pods-Todoey.debug.xcconfig"; path = "Target Support Files/Pods-Todoey/Pods-Todoey.debug.xcconfig"; sourceTree = "<group>"; };
		E8DBA998B5880E6966F2A553 /* Pods-Todoey.release.xcconfig */ = {isa = PBXFileReference; includeInIndex = 1; lastKnownFileType = text.xcconfig; name = "Pods-Todoey.release.xcconfig"; path = "Target Support Files/Pods-Todoey/Pods-Todoey.release.xcconfig"; sourceTree = "<group>"; };
		EE6DF1EF2302EE1300426496 /* Todoey.app */ = {isa = PBXFileReference; explicitFileType = wrapper.application; includeInIndex = 0; path = Todoey.app; sourceTree = BUILT_PRODUCTS_DIR; };
		EE6DF1F22302EE1300426496 /* AppDelegate.swift */ = {isa = PBXFileReference; lastKnownFileType = sourcecode.swift; path = AppDelegate.swift; sourceTree = "<group>"; };
		EE6DF1F42302EE1300426496 /* ToDoListViewController.swift */ = {isa = PBXFileReference; lastKnownFileType = sourcecode.swift; path = ToDoListViewController.swift; sourceTree = "<group>"; };
		EE6DF1F72302EE1300426496 /* Base */ = {isa = PBXFileReference; lastKnownFileType = file.storyboard; name = Base; path = Base.lproj/Main.storyboard; sourceTree = "<group>"; };
		EE6DF1F92302EE1500426496 /* Assets.xcassets */ = {isa = PBXFileReference; lastKnownFileType = folder.assetcatalog; path = Assets.xcassets; sourceTree = "<group>"; };
		EE6DF1FC2302EE1500426496 /* Base */ = {isa = PBXFileReference; lastKnownFileType = file.storyboard; name = Base; path = Base.lproj/LaunchScreen.storyboard; sourceTree = "<group>"; };
		EE6DF1FE2302EE1500426496 /* Info.plist */ = {isa = PBXFileReference; lastKnownFileType = text.plist.xml; path = Info.plist; sourceTree = "<group>"; };
		EED404202305936E0084EF0F /* CategoryTableViewController.swift */ = {isa = PBXFileReference; lastKnownFileType = sourcecode.swift; path = CategoryTableViewController.swift; sourceTree = "<group>"; };
		EED404242305B4D50084EF0F /* Item.swift */ = {isa = PBXFileReference; lastKnownFileType = sourcecode.swift; path = Item.swift; sourceTree = "<group>"; };
		EED404262305B4E20084EF0F /* Category.swift */ = {isa = PBXFileReference; lastKnownFileType = sourcecode.swift; path = Category.swift; sourceTree = "<group>"; };
/* End PBXFileReference section */

/* Begin PBXFrameworksBuildPhase section */
		EE6DF1EC2302EE1300426496 /* Frameworks */ = {
			isa = PBXFrameworksBuildPhase;
			buildActionMask = 2147483647;
			files = (
				DD12893CF9477C3B76696465 /* Pods_Todoey.framework in Frameworks */,
			);
			runOnlyForDeploymentPostprocessing = 0;
		};
/* End PBXFrameworksBuildPhase section */

/* Begin PBXGroup section */
		0B8A225A1D58727D18B8E72A /* Frameworks */ = {
			isa = PBXGroup;
			children = (
				9B55088E2AE101CBA886FF84 /* Pods_Todoey.framework */,
			);
			name = Frameworks;
			sourceTree = "<group>";
		};
		8FDB724F40535C758D174E9C /* Pods */ = {
			isa = PBXGroup;
			children = (
				C55EC2A106FCB41BBA014B76 /* Pods-Todoey.debug.xcconfig */,
				E8DBA998B5880E6966F2A553 /* Pods-Todoey.release.xcconfig */,
			);
			path = Pods;
			sourceTree = "<group>";
		};
		EE6DF1E62302EE1300426496 = {
			isa = PBXGroup;
			children = (
				EE6DF1F12302EE1300426496 /* Todoey */,
				EE6DF1F02302EE1300426496 /* Products */,
				8FDB724F40535C758D174E9C /* Pods */,
				0B8A225A1D58727D18B8E72A /* Frameworks */,
			);
			sourceTree = "<group>";
		};
		EE6DF1F02302EE1300426496 /* Products */ = {
			isa = PBXGroup;
			children = (
				EE6DF1EF2302EE1300426496 /* Todoey.app */,
			);
			name = Products;
			sourceTree = "<group>";
		};
		EE6DF1F12302EE1300426496 /* Todoey */ = {
			isa = PBXGroup;
			children = (
				EE6DF2072303152600426496 /* Controllers */,
				EE6DF2062303151200426496 /* Data Model */,
				EE6DF1F22302EE1300426496 /* AppDelegate.swift */,
				EE6DF2092303155B00426496 /* Views */,
				EE6DF20A2303157100426496 /* Supporting Files */,
				EE6DF1FE2302EE1500426496 /* Info.plist */,
			);
			path = Todoey;
			sourceTree = "<group>";
		};
		EE6DF2062303151200426496 /* Data Model */ = {
			isa = PBXGroup;
			children = (
				EED404242305B4D50084EF0F /* Item.swift */,
				EED404262305B4E20084EF0F /* Category.swift */,
			);
			path = "Data Model";
			sourceTree = "<group>";
		};
		EE6DF2072303152600426496 /* Controllers */ = {
			isa = PBXGroup;
			children = (
				EE6DF1F42302EE1300426496 /* ToDoListViewController.swift */,
				EED404202305936E0084EF0F /* CategoryTableViewController.swift */,
			);
			path = Controllers;
			sourceTree = "<group>";
		};
		EE6DF2092303155B00426496 /* Views */ = {
			isa = PBXGroup;
			children = (
				EE6DF1F62302EE1300426496 /* Main.storyboard */,
			);
			path = Views;
			sourceTree = "<group>";
		};
		EE6DF20A2303157100426496 /* Supporting Files */ = {
			isa = PBXGroup;
			children = (
				EE6DF1F92302EE1500426496 /* Assets.xcassets */,
				EE6DF1FB2302EE1500426496 /* LaunchScreen.storyboard */,
			);
			path = "Supporting Files";
			sourceTree = "<group>";
		};
/* End PBXGroup section */

/* Begin PBXNativeTarget section */
		EE6DF1EE2302EE1300426496 /* Todoey */ = {
			isa = PBXNativeTarget;
			buildConfigurationList = EE6DF2012302EE1500426496 /* Build configuration list for PBXNativeTarget "Todoey" */;
			buildPhases = (
				7B089A14CEF019BB827FE958 /* [CP] Check Pods Manifest.lock */,
				EE6DF1EB2302EE1300426496 /* Sources */,
				EE6DF1EC2302EE1300426496 /* Frameworks */,
				EE6DF1ED2302EE1300426496 /* Resources */,
				CFB0942F78BD5C6F53B9BFC6 /* [CP] Embed Pods Frameworks */,
			);
			buildRules = (
			);
			dependencies = (
			);
			name = Todoey;
			productName = Todoey;
			productReference = EE6DF1EF2302EE1300426496 /* Todoey.app */;
			productType = "com.apple.product-type.application";
		};
/* End PBXNativeTarget section */

/* Begin PBXProject section */
		EE6DF1E72302EE1300426496 /* Project object */ = {
			isa = PBXProject;
			attributes = {
				LastSwiftUpdateCheck = 1030;
				LastUpgradeCheck = 1030;
				ORGANIZATIONNAME = "TTA Student";
				TargetAttributes = {
					EE6DF1EE2302EE1300426496 = {
						CreatedOnToolsVersion = 10.3;
					};
				};
			};
			buildConfigurationList = EE6DF1EA2302EE1300426496 /* Build configuration list for PBXProject "Todoey" */;
			compatibilityVersion = "Xcode 9.3";
			developmentRegion = en;
			hasScannedForEncodings = 0;
			knownRegions = (
				en,
				Base,
			);
			mainGroup = EE6DF1E62302EE1300426496;
			productRefGroup = EE6DF1F02302EE1300426496 /* Products */;
			projectDirPath = "";
			projectRoot = "";
			targets = (
				EE6DF1EE2302EE1300426496 /* Todoey */,
			);
		};
/* End PBXProject section */

/* Begin PBXResourcesBuildPhase section */
		EE6DF1ED2302EE1300426496 /* Resources */ = {
			isa = PBXResourcesBuildPhase;
			buildActionMask = 2147483647;
			files = (
				EE6DF1FD2302EE1500426496 /* LaunchScreen.storyboard in Resources */,
				EE6DF1FA2302EE1500426496 /* Assets.xcassets in Resources */,
				EE6DF1F82302EE1300426496 /* Main.storyboard in Resources */,
			);
			runOnlyForDeploymentPostprocessing = 0;
		};
/* End PBXResourcesBuildPhase section */

/* Begin PBXShellScriptBuildPhase section */
		7B089A14CEF019BB827FE958 /* [CP] Check Pods Manifest.lock */ = {
			isa = PBXShellScriptBuildPhase;
			buildActionMask = 2147483647;
			files = (
			);
			inputFileListPaths = (
			);
			inputPaths = (
				"${PODS_PODFILE_DIR_PATH}/Podfile.lock",
				"${PODS_ROOT}/Manifest.lock",
			);
			name = "[CP] Check Pods Manifest.lock";
			outputFileListPaths = (
			);
			outputPaths = (
				"$(DERIVED_FILE_DIR)/Pods-Todoey-checkManifestLockResult.txt",
			);
			runOnlyForDeploymentPostprocessing = 0;
			shellPath = /bin/sh;
			shellScript = "diff \"${PODS_PODFILE_DIR_PATH}/Podfile.lock\" \"${PODS_ROOT}/Manifest.lock\" > /dev/null\nif [ $? != 0 ] ; then\n    # print error to STDERR\n    echo \"error: The sandbox is not in sync with the Podfile.lock. Run 'pod install' or update your CocoaPods installation.\" >&2\n    exit 1\nfi\n# This output is used by Xcode 'outputs' to avoid re-running this script phase.\necho \"SUCCESS\" > \"${SCRIPT_OUTPUT_FILE_0}\"\n";
			showEnvVarsInLog = 0;
		};
		CFB0942F78BD5C6F53B9BFC6 /* [CP] Embed Pods Frameworks */ = {
			isa = PBXShellScriptBuildPhase;
			buildActionMask = 2147483647;
			files = (
			);
			inputFileListPaths = (
				"${PODS_ROOT}/Target Support Files/Pods-Todoey/Pods-Todoey-frameworks-${CONFIGURATION}-input-files.xcfilelist",
			);
			name = "[CP] Embed Pods Frameworks";
			outputFileListPaths = (
				"${PODS_ROOT}/Target Support Files/Pods-Todoey/Pods-Todoey-frameworks-${CONFIGURATION}-output-files.xcfilelist",
			);
			runOnlyForDeploymentPostprocessing = 0;
			shellPath = /bin/sh;
			shellScript = "\"${PODS_ROOT}/Target Support Files/Pods-Todoey/Pods-Todoey-frameworks.sh\"\n";
			showEnvVarsInLog = 0;
		};
/* End PBXShellScriptBuildPhase section */

/* Begin PBXSourcesBuildPhase section */
		EE6DF1EB2302EE1300426496 /* Sources */ = {
			isa = PBXSourcesBuildPhase;
			buildActionMask = 2147483647;
			files = (
				EED404252305B4D50084EF0F /* Item.swift in Sources */,
				EE6DF1F52302EE1300426496 /* ToDoListViewController.swift in Sources */,
				EE6DF1F32302EE1300426496 /* AppDelegate.swift in Sources */,
				EED404212305936E0084EF0F /* CategoryTableViewController.swift in Sources */,
				EED404272305B4E20084EF0F /* Category.swift in Sources */,
			);
			runOnlyForDeploymentPostprocessing = 0;
		};
/* End PBXSourcesBuildPhase section */

/* Begin PBXVariantGroup section */
		EE6DF1F62302EE1300426496 /* Main.storyboard */ = {
			isa = PBXVariantGroup;
			children = (
				EE6DF1F72302EE1300426496 /* Base */,
			);
			name = Main.storyboard;
			sourceTree = "<group>";
		};
		EE6DF1FB2302EE1500426496 /* LaunchScreen.storyboard */ = {
			isa = PBXVariantGroup;
			children = (
				EE6DF1FC2302EE1500426496 /* Base */,
			);
			name = LaunchScreen.storyboard;
			sourceTree = "<group>";
		};
/* End PBXVariantGroup section */

/* Begin XCBuildConfiguration section */
		EE6DF1FF2302EE1500426496 /* Debug */ = {
			isa = XCBuildConfiguration;
			buildSettings = {
				ALWAYS_SEARCH_USER_PATHS = NO;
				CLANG_ANALYZER_NONNULL = YES;
				CLANG_ANALYZER_NUMBER_OBJECT_CONVERSION = YES_AGGRESSIVE;
				CLANG_CXX_LANGUAGE_STANDARD = "gnu++14";
				CLANG_CXX_LIBRARY = "libc++";
				CLANG_ENABLE_MODULES = YES;
				CLANG_ENABLE_OBJC_ARC = YES;
				CLANG_ENABLE_OBJC_WEAK = YES;
				CLANG_WARN_BLOCK_CAPTURE_AUTORELEASING = YES;
				CLANG_WARN_BOOL_CONVERSION = YES;
				CLANG_WARN_COMMA = YES;
				CLANG_WARN_CONSTANT_CONVERSION = YES;
				CLANG_WARN_DEPRECATED_OBJC_IMPLEMENTATIONS = YES;
				CLANG_WARN_DIRECT_OBJC_ISA_USAGE = YES_ERROR;
				CLANG_WARN_DOCUMENTATION_COMMENTS = YES;
				CLANG_WARN_EMPTY_BODY = YES;
				CLANG_WARN_ENUM_CONVERSION = YES;
				CLANG_WARN_INFINITE_RECURSION = YES;
				CLANG_WARN_INT_CONVERSION = YES;
				CLANG_WARN_NON_LITERAL_NULL_CONVERSION = YES;
				CLANG_WARN_OBJC_IMPLICIT_RETAIN_SELF = YES;
				CLANG_WARN_OBJC_LITERAL_CONVERSION = YES;
				CLANG_WARN_OBJC_ROOT_CLASS = YES_ERROR;
				CLANG_WARN_RANGE_LOOP_ANALYSIS = YES;
				CLANG_WARN_STRICT_PROTOTYPES = YES;
				CLANG_WARN_SUSPICIOUS_MOVE = YES;
				CLANG_WARN_UNGUARDED_AVAILABILITY = YES_AGGRESSIVE;
				CLANG_WARN_UNREACHABLE_CODE = YES;
				CLANG_WARN__DUPLICATE_METHOD_MATCH = YES;
				CODE_SIGN_IDENTITY = "iPhone Developer";
				COPY_PHASE_STRIP = NO;
				DEBUG_INFORMATION_FORMAT = dwarf;
				ENABLE_STRICT_OBJC_MSGSEND = YES;
				ENABLE_TESTABILITY = YES;
				GCC_C_LANGUAGE_STANDARD = gnu11;
				GCC_DYNAMIC_NO_PIC = NO;
				GCC_NO_COMMON_BLOCKS = YES;
				GCC_OPTIMIZATION_LEVEL = 0;
				GCC_PREPROCESSOR_DEFINITIONS = (
					"DEBUG=1",
					"$(inherited)",
				);
				GCC_WARN_64_TO_32_BIT_CONVERSION = YES;
				GCC_WARN_ABOUT_RETURN_TYPE = YES_ERROR;
				GCC_WARN_UNDECLARED_SELECTOR = YES;
				GCC_WARN_UNINITIALIZED_AUTOS = YES_AGGRESSIVE;
				GCC_WARN_UNUSED_FUNCTION = YES;
				GCC_WARN_UNUSED_VARIABLE = YES;
				IPHONEOS_DEPLOYMENT_TARGET = 12.4;
				MTL_ENABLE_DEBUG_INFO = INCLUDE_SOURCE;
				MTL_FAST_MATH = YES;
				ONLY_ACTIVE_ARCH = YES;
				SDKROOT = iphoneos;
				SWIFT_ACTIVE_COMPILATION_CONDITIONS = DEBUG;
				SWIFT_OPTIMIZATION_LEVEL = "-Onone";
			};
			name = Debug;
		};
		EE6DF2002302EE1500426496 /* Release */ = {
			isa = XCBuildConfiguration;
			buildSettings = {
				ALWAYS_SEARCH_USER_PATHS = NO;
				CLANG_ANALYZER_NONNULL = YES;
				CLANG_ANALYZER_NUMBER_OBJECT_CONVERSION = YES_AGGRESSIVE;
				CLANG_CXX_LANGUAGE_STANDARD = "gnu++14";
				CLANG_CXX_LIBRARY = "libc++";
				CLANG_ENABLE_MODULES = YES;
				CLANG_ENABLE_OBJC_ARC = YES;
				CLANG_ENABLE_OBJC_WEAK = YES;
				CLANG_WARN_BLOCK_CAPTURE_AUTORELEASING = YES;
				CLANG_WARN_BOOL_CONVERSION = YES;
				CLANG_WARN_COMMA = YES;
				CLANG_WARN_CONSTANT_CONVERSION = YES;
				CLANG_WARN_DEPRECATED_OBJC_IMPLEMENTATIONS = YES;
				CLANG_WARN_DIRECT_OBJC_ISA_USAGE = YES_ERROR;
				CLANG_WARN_DOCUMENTATION_COMMENTS = YES;
				CLANG_WARN_EMPTY_BODY = YES;
				CLANG_WARN_ENUM_CONVERSION = YES;
				CLANG_WARN_INFINITE_RECURSION = YES;
				CLANG_WARN_INT_CONVERSION = YES;
				CLANG_WARN_NON_LITERAL_NULL_CONVERSION = YES;
				CLANG_WARN_OBJC_IMPLICIT_RETAIN_SELF = YES;
				CLANG_WARN_OBJC_LITERAL_CONVERSION = YES;
				CLANG_WARN_OBJC_ROOT_CLASS = YES_ERROR;
				CLANG_WARN_RANGE_LOOP_ANALYSIS = YES;
				CLANG_WARN_STRICT_PROTOTYPES = YES;
				CLANG_WARN_SUSPICIOUS_MOVE = YES;
				CLANG_WARN_UNGUARDED_AVAILABILITY = YES_AGGRESSIVE;
				CLANG_WARN_UNREACHABLE_CODE = YES;
				CLANG_WARN__DUPLICATE_METHOD_MATCH = YES;
				CODE_SIGN_IDENTITY = "iPhone Developer";
				COPY_PHASE_STRIP = NO;
				DEBUG_INFORMATION_FORMAT = "dwarf-with-dsym";
				ENABLE_NS_ASSERTIONS = NO;
				ENABLE_STRICT_OBJC_MSGSEND = YES;
				GCC_C_LANGUAGE_STANDARD = gnu11;
				GCC_NO_COMMON_BLOCKS = YES;
				GCC_WARN_64_TO_32_BIT_CONVERSION = YES;
				GCC_WARN_ABOUT_RETURN_TYPE = YES_ERROR;
				GCC_WARN_UNDECLARED_SELECTOR = YES;
				GCC_WARN_UNINITIALIZED_AUTOS = YES_AGGRESSIVE;
				GCC_WARN_UNUSED_FUNCTION = YES;
				GCC_WARN_UNUSED_VARIABLE = YES;
				IPHONEOS_DEPLOYMENT_TARGET = 12.4;
				MTL_ENABLE_DEBUG_INFO = NO;
				MTL_FAST_MATH = YES;
				SDKROOT = iphoneos;
				SWIFT_COMPILATION_MODE = wholemodule;
				SWIFT_OPTIMIZATION_LEVEL = "-O";
				VALIDATE_PRODUCT = YES;
			};
			name = Release;
		};
		EE6DF2022302EE1500426496 /* Debug */ = {
			isa = XCBuildConfiguration;
			baseConfigurationReference = C55EC2A106FCB41BBA014B76 /* Pods-Todoey.debug.xcconfig */;
			buildSettings = {
				ASSETCATALOG_COMPILER_APPICON_NAME = AppIcon;
				CODE_SIGN_STYLE = Automatic;
				DEVELOPMENT_TEAM = T4DBQYH346;
				INFOPLIST_FILE = Todoey/Info.plist;
				LD_RUNPATH_SEARCH_PATHS = (
					"$(inherited)",
					"@executable_path/Frameworks",
				);
				PRODUCT_BUNDLE_IDENTIFIER = com.projectnexusstudent3.Todoey;
				PRODUCT_NAME = "$(TARGET_NAME)";
				SWIFT_VERSION = 5.0;
				TARGETED_DEVICE_FAMILY = "1,2";
			};
			name = Debug;
		};
		EE6DF2032302EE1500426496 /* Release */ = {
			isa = XCBuildConfiguration;
			baseConfigurationReference = E8DBA998B5880E6966F2A553 /* Pods-Todoey.release.xcconfig */;
			buildSettings = {
				ASSETCATALOG_COMPILER_APPICON_NAME = AppIcon;
				CODE_SIGN_STYLE = Automatic;
				DEVELOPMENT_TEAM = T4DBQYH346;
				INFOPLIST_FILE = Todoey/Info.plist;
				LD_RUNPATH_SEARCH_PATHS = (
					"$(inherited)",
					"@executable_path/Frameworks",
				);
				PRODUCT_BUNDLE_IDENTIFIER = com.projectnexusstudent3.Todoey;
				PRODUCT_NAME = "$(TARGET_NAME)";
				SWIFT_VERSION = 5.0;
				TARGETED_DEVICE_FAMILY = "1,2";
			};
			name = Release;
		};
/* End XCBuildConfiguration section */

/* Begin XCConfigurationList section */
		EE6DF1EA2302EE1300426496 /* Build configuration list for PBXProject "Todoey" */ = {
			isa = XCConfigurationList;
			buildConfigurations = (
				EE6DF1FF2302EE1500426496 /* Debug */,
				EE6DF2002302EE1500426496 /* Release */,
			);
			defaultConfigurationIsVisible = 0;
			defaultConfigurationName = Release;
		};
		EE6DF2012302EE1500426496 /* Build configuration list for PBXNativeTarget "Todoey" */ = {
			isa = XCConfigurationList;
			buildConfigurations = (
				EE6DF2022302EE1500426496 /* Debug */,
				EE6DF2032302EE1500426496 /* Release */,
			);
			defaultConfigurationIsVisible = 0;
			defaultConfigurationName = Release;
		};
/* End XCConfigurationList section */
	};
	rootObject = EE6DF1E72302EE1300426496 /* Project object */;
}
