// !$*UTF8*$!
{
	archiveVersion = 1;
	classes = {
	};
	objectVersion = 50;
	objects = {

/* Begin PBXBuildFile section */
		DD3457C73892730B48048F63 /* Pods_WhatFlower.framework in Frameworks */ = {isa = PBXBuildFile; fileRef = 19F9270632812C2DD2E47103 /* Pods_WhatFlower.framework */; };
		EEBC88F9230B302600E62CB9 /* AppDelegate.swift in Sources */ = {isa = PBXBuildFile; fileRef = EEBC88F8230B302600E62CB9 /* AppDelegate.swift */; };
		EEBC88FB230B302600E62CB9 /* ViewController.swift in Sources */ = {isa = PBXBuildFile; fileRef = EEBC88FA230B302600E62CB9 /* ViewController.swift */; };
		EEBC88FE230B302600E62CB9 /* Main.storyboard in Resources */ = {isa = PBXBuildFile; fileRef = EEBC88FC230B302600E62CB9 /* Main.storyboard */; };
		EEBC8900230B302700E62CB9 /* Assets.xcassets in Resources */ = {isa = PBXBuildFile; fileRef = EEBC88FF230B302700E62CB9 /* Assets.xcassets */; };
		EEBC8903230B302700E62CB9 /* LaunchScreen.storyboard in Resources */ = {isa = PBXBuildFile; fileRef = EEBC8901230B302700E62CB9 /* LaunchScreen.storyboard */; };
		EEBC890B230B306100E62CB9 /* FlowerClassifier.mlmodel in Sources */ = {isa = PBXBuildFile; fileRef = EEBC890A230B306100E62CB9 /* FlowerClassifier.mlmodel */; };
/* End PBXBuildFile section */

/* Begin PBXFileReference section */
		19F9270632812C2DD2E47103 /* Pods_WhatFlower.framework */ = {isa = PBXFileReference; explicitFileType = wrapper.framework; includeInIndex = 0; path = Pods_WhatFlower.framework; sourceTree = BUILT_PRODUCTS_DIR; };
		9700372C844A0A285B76B84D /* Pods-WhatFlower.release.xcconfig */ = {isa = PBXFileReference; includeInIndex = 1; lastKnownFileType = text.xcconfig; name = "Pods-WhatFlower.release.xcconfig"; path = "Target Support Files/Pods-WhatFlower/Pods-WhatFlower.release.xcconfig"; sourceTree = "<group>"; };
		DAC5DBA0DCB9CD7F11DEDCBF /* Pods-WhatFlower.debug.xcconfig */ = {isa = PBXFileReference; includeInIndex = 1; lastKnownFileType = text.xcconfig; name = "Pods-WhatFlower.debug.xcconfig"; path = "Target Support Files/Pods-WhatFlower/Pods-WhatFlower.debug.xcconfig"; sourceTree = "<group>"; };
		EEBC88F5230B302600E62CB9 /* WhatFlower.app */ = {isa = PBXFileReference; explicitFileType = wrapper.application; includeInIndex = 0; path = WhatFlower.app; sourceTree = BUILT_PRODUCTS_DIR; };
		EEBC88F8230B302600E62CB9 /* AppDelegate.swift */ = {isa = PBXFileReference; lastKnownFileType = sourcecode.swift; path = AppDelegate.swift; sourceTree = "<group>"; };
		EEBC88FA230B302600E62CB9 /* ViewController.swift */ = {isa = PBXFileReference; lastKnownFileType = sourcecode.swift; path = ViewController.swift; sourceTree = "<group>"; };
		EEBC88FD230B302600E62CB9 /* Base */ = {isa = PBXFileReference; lastKnownFileType = file.storyboard; name = Base; path = Base.lproj/Main.storyboard; sourceTree = "<group>"; };
		EEBC88FF230B302700E62CB9 /* Assets.xcassets */ = {isa = PBXFileReference; lastKnownFileType = folder.assetcatalog; path = Assets.xcassets; sourceTree = "<group>"; };
		EEBC8902230B302700E62CB9 /* Base */ = {isa = PBXFileReference; lastKnownFileType = file.storyboard; name = Base; path = Base.lproj/LaunchScreen.storyboard; sourceTree = "<group>"; };
		EEBC8904230B302700E62CB9 /* Info.plist */ = {isa = PBXFileReference; lastKnownFileType = text.plist.xml; path = Info.plist; sourceTree = "<group>"; };
		EEBC890A230B306100E62CB9 /* FlowerClassifier.mlmodel */ = {isa = PBXFileReference; lastKnownFileType = file.mlmodel; path = FlowerClassifier.mlmodel; sourceTree = "<group>"; };
/* End PBXFileReference section */

/* Begin PBXFrameworksBuildPhase section */
		EEBC88F2230B302600E62CB9 /* Frameworks */ = {
			isa = PBXFrameworksBuildPhase;
			buildActionMask = 2147483647;
			files = (
				DD3457C73892730B48048F63 /* Pods_WhatFlower.framework in Frameworks */,
			);
			runOnlyForDeploymentPostprocessing = 0;
		};
/* End PBXFrameworksBuildPhase section */

/* Begin PBXGroup section */
		1551E7219007AFD4E3332D32 /* Frameworks */ = {
			isa = PBXGroup;
			children = (
				19F9270632812C2DD2E47103 /* Pods_WhatFlower.framework */,
			);
			name = Frameworks;
			sourceTree = "<group>";
		};
		97A550DF0AFBEB819DEDF2DF /* Pods */ = {
			isa = PBXGroup;
			children = (
				DAC5DBA0DCB9CD7F11DEDCBF /* Pods-WhatFlower.debug.xcconfig */,
				9700372C844A0A285B76B84D /* Pods-WhatFlower.release.xcconfig */,
			);
			name = Pods;
			path = Pods;
			sourceTree = "<group>";
		};
		EEBC88EC230B302600E62CB9 = {
			isa = PBXGroup;
			children = (
				EEBC88F7230B302600E62CB9 /* WhatFlower */,
				EEBC88F6230B302600E62CB9 /* Products */,
				97A550DF0AFBEB819DEDF2DF /* Pods */,
				1551E7219007AFD4E3332D32 /* Frameworks */,
			);
			sourceTree = "<group>";
		};
		EEBC88F6230B302600E62CB9 /* Products */ = {
			isa = PBXGroup;
			children = (
				EEBC88F5230B302600E62CB9 /* WhatFlower.app */,
			);
			name = Products;
			sourceTree = "<group>";
		};
		EEBC88F7230B302600E62CB9 /* WhatFlower */ = {
			isa = PBXGroup;
			children = (
				EEBC88F8230B302600E62CB9 /* AppDelegate.swift */,
				EEBC88FA230B302600E62CB9 /* ViewController.swift */,
				EEBC88FC230B302600E62CB9 /* Main.storyboard */,
				EEBC88FF230B302700E62CB9 /* Assets.xcassets */,
				EEBC8901230B302700E62CB9 /* LaunchScreen.storyboard */,
				EEBC8904230B302700E62CB9 /* Info.plist */,
				EEBC890A230B306100E62CB9 /* FlowerClassifier.mlmodel */,
			);
			path = WhatFlower;
			sourceTree = "<group>";
		};
/* End PBXGroup section */

/* Begin PBXNativeTarget section */
		EEBC88F4230B302600E62CB9 /* WhatFlower */ = {
			isa = PBXNativeTarget;
			buildConfigurationList = EEBC8907230B302700E62CB9 /* Build configuration list for PBXNativeTarget "WhatFlower" */;
			buildPhases = (
				93D2013F33E89FD3E2D32A05 /* [CP] Check Pods Manifest.lock */,
				EEBC88F1230B302600E62CB9 /* Sources */,
				EEBC88F2230B302600E62CB9 /* Frameworks */,
				EEBC88F3230B302600E62CB9 /* Resources */,
				B5BD19F096525B92A61CF3A7 /* [CP] Embed Pods Frameworks */,
			);
			buildRules = (
			);
			dependencies = (
			);
			name = WhatFlower;
			productName = WhatFlower;
			productReference = EEBC88F5230B302600E62CB9 /* WhatFlower.app */;
			productType = "com.apple.product-type.application";
		};
/* End PBXNativeTarget section */

/* Begin PBXProject section */
		EEBC88ED230B302600E62CB9 /* Project object */ = {
			isa = PBXProject;
			attributes = {
				LastSwiftUpdateCheck = 1030;
				LastUpgradeCheck = 1030;
				ORGANIZATIONNAME = "TTA Student";
				TargetAttributes = {
					EEBC88F4230B302600E62CB9 = {
						CreatedOnToolsVersion = 10.3;
					};
				};
			};
			buildConfigurationList = EEBC88F0230B302600E62CB9 /* Build configuration list for PBXProject "WhatFlower" */;
			compatibilityVersion = "Xcode 9.3";
			developmentRegion = en;
			hasScannedForEncodings = 0;
			knownRegions = (
				en,
				Base,
			);
			mainGroup = EEBC88EC230B302600E62CB9;
			productRefGroup = EEBC88F6230B302600E62CB9 /* Products */;
			projectDirPath = "";
			projectRoot = "";
			targets = (
				EEBC88F4230B302600E62CB9 /* WhatFlower */,
			);
		};
/* End PBXProject section */

/* Begin PBXResourcesBuildPhase section */
		EEBC88F3230B302600E62CB9 /* Resources */ = {
			isa = PBXResourcesBuildPhase;
			buildActionMask = 2147483647;
			files = (
				EEBC8903230B302700E62CB9 /* LaunchScreen.storyboard in Resources */,
				EEBC8900230B302700E62CB9 /* Assets.xcassets in Resources */,
				EEBC88FE230B302600E62CB9 /* Main.storyboard in Resources */,
			);
			runOnlyForDeploymentPostprocessing = 0;
		};
/* End PBXResourcesBuildPhase section */

/* Begin PBXShellScriptBuildPhase section */
		93D2013F33E89FD3E2D32A05 /* [CP] Check Pods Manifest.lock */ = {
			isa = PBXShellScriptBuildPhase;
			buildActionMask = 2147483647;
			files = (
			);
			inputFileListPaths = (
			);
			inputPaths = (
				"${PODS_PODFILE_DIR_PATH}/Podfile.lock",
				"${PODS_ROOT}/Manifest.lock",
			);
			name = "[CP] Check Pods Manifest.lock";
			outputFileListPaths = (
			);
			outputPaths = (
				"$(DERIVED_FILE_DIR)/Pods-WhatFlower-checkManifestLockResult.txt",
			);
			runOnlyForDeploymentPostprocessing = 0;
			shellPath = /bin/sh;
			shellScript = "diff \"${PODS_PODFILE_DIR_PATH}/Podfile.lock\" \"${PODS_ROOT}/Manifest.lock\" > /dev/null\nif [ $? != 0 ] ; then\n    # print error to STDERR\n    echo \"error: The sandbox is not in sync with the Podfile.lock. Run 'pod install' or update your CocoaPods installation.\" >&2\n    exit 1\nfi\n# This output is used by Xcode 'outputs' to avoid re-running this script phase.\necho \"SUCCESS\" > \"${SCRIPT_OUTPUT_FILE_0}\"\n";
			showEnvVarsInLog = 0;
		};
		B5BD19F096525B92A61CF3A7 /* [CP] Embed Pods Frameworks */ = {
			isa = PBXShellScriptBuildPhase;
			buildActionMask = 2147483647;
			files = (
			);
			inputFileListPaths = (
				"${PODS_ROOT}/Target Support Files/Pods-WhatFlower/Pods-WhatFlower-frameworks-${CONFIGURATION}-input-files.xcfilelist",
			);
			name = "[CP] Embed Pods Frameworks";
			outputFileListPaths = (
				"${PODS_ROOT}/Target Support Files/Pods-WhatFlower/Pods-WhatFlower-frameworks-${CONFIGURATION}-output-files.xcfilelist",
			);
			runOnlyForDeploymentPostprocessing = 0;
			shellPath = /bin/sh;
			shellScript = "\"${PODS_ROOT}/Target Support Files/Pods-WhatFlower/Pods-WhatFlower-frameworks.sh\"\n";
			showEnvVarsInLog = 0;
		};
/* End PBXShellScriptBuildPhase section */

/* Begin PBXSourcesBuildPhase section */
		EEBC88F1230B302600E62CB9 /* Sources */ = {
			isa = PBXSourcesBuildPhase;
			buildActionMask = 2147483647;
			files = (
				EEBC890B230B306100E62CB9 /* FlowerClassifier.mlmodel in Sources */,
				EEBC88FB230B302600E62CB9 /* ViewController.swift in Sources */,
				EEBC88F9230B302600E62CB9 /* AppDelegate.swift in Sources */,
			);
			runOnlyForDeploymentPostprocessing = 0;
		};
/* End PBXSourcesBuildPhase section */

/* Begin PBXVariantGroup section */
		EEBC88FC230B302600E62CB9 /* Main.storyboard */ = {
			isa = PBXVariantGroup;
			children = (
				EEBC88FD230B302600E62CB9 /* Base */,
			);
			name = Main.storyboard;
			sourceTree = "<group>";
		};
		EEBC8901230B302700E62CB9 /* LaunchScreen.storyboard */ = {
			isa = PBXVariantGroup;
			children = (
				EEBC8902230B302700E62CB9 /* Base */,
			);
			name = LaunchScreen.storyboard;
			sourceTree = "<group>";
		};
/* End PBXVariantGroup section */

/* Begin XCBuildConfiguration section */
		EEBC8905230B302700E62CB9 /* Debug */ = {
			isa = XCBuildConfiguration;
			buildSettings = {
				ALWAYS_SEARCH_USER_PATHS = NO;
				CLANG_ANALYZER_NONNULL = YES;
				CLANG_ANALYZER_NUMBER_OBJECT_CONVERSION = YES_AGGRESSIVE;
				CLANG_CXX_LANGUAGE_STANDARD = "gnu++14";
				CLANG_CXX_LIBRARY = "libc++";
				CLANG_ENABLE_MODULES = YES;
				CLANG_ENABLE_OBJC_ARC = YES;
				CLANG_ENABLE_OBJC_WEAK = YES;
				CLANG_WARN_BLOCK_CAPTURE_AUTORELEASING = YES;
				CLANG_WARN_BOOL_CONVERSION = YES;
				CLANG_WARN_COMMA = YES;
				CLANG_WARN_CONSTANT_CONVERSION = YES;
				CLANG_WARN_DEPRECATED_OBJC_IMPLEMENTATIONS = YES;
				CLANG_WARN_DIRECT_OBJC_ISA_USAGE = YES_ERROR;
				CLANG_WARN_DOCUMENTATION_COMMENTS = YES;
				CLANG_WARN_EMPTY_BODY = YES;
				CLANG_WARN_ENUM_CONVERSION = YES;
				CLANG_WARN_INFINITE_RECURSION = YES;
				CLANG_WARN_INT_CONVERSION = YES;
				CLANG_WARN_NON_LITERAL_NULL_CONVERSION = YES;
				CLANG_WARN_OBJC_IMPLICIT_RETAIN_SELF = YES;
				CLANG_WARN_OBJC_LITERAL_CONVERSION = YES;
				CLANG_WARN_OBJC_ROOT_CLASS = YES_ERROR;
				CLANG_WARN_RANGE_LOOP_ANALYSIS = YES;
				CLANG_WARN_STRICT_PROTOTYPES = YES;
				CLANG_WARN_SUSPICIOUS_MOVE = YES;
				CLANG_WARN_UNGUARDED_AVAILABILITY = YES_AGGRESSIVE;
				CLANG_WARN_UNREACHABLE_CODE = YES;
				CLANG_WARN__DUPLICATE_METHOD_MATCH = YES;
				CODE_SIGN_IDENTITY = "iPhone Developer";
				COPY_PHASE_STRIP = NO;
				DEBUG_INFORMATION_FORMAT = dwarf;
				ENABLE_STRICT_OBJC_MSGSEND = YES;
				ENABLE_TESTABILITY = YES;
				GCC_C_LANGUAGE_STANDARD = gnu11;
				GCC_DYNAMIC_NO_PIC = NO;
				GCC_NO_COMMON_BLOCKS = YES;
				GCC_OPTIMIZATION_LEVEL = 0;
				GCC_PREPROCESSOR_DEFINITIONS = (
					"DEBUG=1",
					"$(inherited)",
				);
				GCC_WARN_64_TO_32_BIT_CONVERSION = YES;
				GCC_WARN_ABOUT_RETURN_TYPE = YES_ERROR;
				GCC_WARN_UNDECLARED_SELECTOR = YES;
				GCC_WARN_UNINITIALIZED_AUTOS = YES_AGGRESSIVE;
				GCC_WARN_UNUSED_FUNCTION = YES;
				GCC_WARN_UNUSED_VARIABLE = YES;
				IPHONEOS_DEPLOYMENT_TARGET = 12.4;
				MTL_ENABLE_DEBUG_INFO = INCLUDE_SOURCE;
				MTL_FAST_MATH = YES;
				ONLY_ACTIVE_ARCH = YES;
				SDKROOT = iphoneos;
				SWIFT_ACTIVE_COMPILATION_CONDITIONS = DEBUG;
				SWIFT_OPTIMIZATION_LEVEL = "-Onone";
			};
			name = Debug;
		};
		EEBC8906230B302700E62CB9 /* Release */ = {
			isa = XCBuildConfiguration;
			buildSettings = {
				ALWAYS_SEARCH_USER_PATHS = NO;
				CLANG_ANALYZER_NONNULL = YES;
				CLANG_ANALYZER_NUMBER_OBJECT_CONVERSION = YES_AGGRESSIVE;
				CLANG_CXX_LANGUAGE_STANDARD = "gnu++14";
				CLANG_CXX_LIBRARY = "libc++";
				CLANG_ENABLE_MODULES = YES;
				CLANG_ENABLE_OBJC_ARC = YES;
				CLANG_ENABLE_OBJC_WEAK = YES;
				CLANG_WARN_BLOCK_CAPTURE_AUTORELEASING = YES;
				CLANG_WARN_BOOL_CONVERSION = YES;
				CLANG_WARN_COMMA = YES;
				CLANG_WARN_CONSTANT_CONVERSION = YES;
				CLANG_WARN_DEPRECATED_OBJC_IMPLEMENTATIONS = YES;
				CLANG_WARN_DIRECT_OBJC_ISA_USAGE = YES_ERROR;
				CLANG_WARN_DOCUMENTATION_COMMENTS = YES;
				CLANG_WARN_EMPTY_BODY = YES;
				CLANG_WARN_ENUM_CONVERSION = YES;
				CLANG_WARN_INFINITE_RECURSION = YES;
				CLANG_WARN_INT_CONVERSION = YES;
				CLANG_WARN_NON_LITERAL_NULL_CONVERSION = YES;
				CLANG_WARN_OBJC_IMPLICIT_RETAIN_SELF = YES;
				CLANG_WARN_OBJC_LITERAL_CONVERSION = YES;
				CLANG_WARN_OBJC_ROOT_CLASS = YES_ERROR;
				CLANG_WARN_RANGE_LOOP_ANALYSIS = YES;
				CLANG_WARN_STRICT_PROTOTYPES = YES;
				CLANG_WARN_SUSPICIOUS_MOVE = YES;
				CLANG_WARN_UNGUARDED_AVAILABILITY = YES_AGGRESSIVE;
				CLANG_WARN_UNREACHABLE_CODE = YES;
				CLANG_WARN__DUPLICATE_METHOD_MATCH = YES;
				CODE_SIGN_IDENTITY = "iPhone Developer";
				COPY_PHASE_STRIP = NO;
				DEBUG_INFORMATION_FORMAT = "dwarf-with-dsym";
				ENABLE_NS_ASSERTIONS = NO;
				ENABLE_STRICT_OBJC_MSGSEND = YES;
				GCC_C_LANGUAGE_STANDARD = gnu11;
				GCC_NO_COMMON_BLOCKS = YES;
				GCC_WARN_64_TO_32_BIT_CONVERSION = YES;
				GCC_WARN_ABOUT_RETURN_TYPE = YES_ERROR;
				GCC_WARN_UNDECLARED_SELECTOR = YES;
				GCC_WARN_UNINITIALIZED_AUTOS = YES_AGGRESSIVE;
				GCC_WARN_UNUSED_FUNCTION = YES;
				GCC_WARN_UNUSED_VARIABLE = YES;
				IPHONEOS_DEPLOYMENT_TARGET = 12.4;
				MTL_ENABLE_DEBUG_INFO = NO;
				MTL_FAST_MATH = YES;
				SDKROOT = iphoneos;
				SWIFT_COMPILATION_MODE = wholemodule;
				SWIFT_OPTIMIZATION_LEVEL = "-O";
				VALIDATE_PRODUCT = YES;
			};
			name = Release;
		};
		EEBC8908230B302700E62CB9 /* Debug */ = {
			isa = XCBuildConfiguration;
			baseConfigurationReference = DAC5DBA0DCB9CD7F11DEDCBF /* Pods-WhatFlower.debug.xcconfig */;
			buildSettings = {
				ASSETCATALOG_COMPILER_APPICON_NAME = AppIcon;
				CODE_SIGN_STYLE = Automatic;
				DEVELOPMENT_TEAM = T4DBQYH346;
				INFOPLIST_FILE = WhatFlower/Info.plist;
				LD_RUNPATH_SEARCH_PATHS = (
					"$(inherited)",
					"@executable_path/Frameworks",
				);
				PRODUCT_BUNDLE_IDENTIFIER = com.projectnexusstudent3.WhatFlower;
				PRODUCT_NAME = "$(TARGET_NAME)";
				SWIFT_VERSION = 5.0;
				TARGETED_DEVICE_FAMILY = "1,2";
			};
			name = Debug;
		};
		EEBC8909230B302700E62CB9 /* Release */ = {
			isa = XCBuildConfiguration;
			baseConfigurationReference = 9700372C844A0A285B76B84D /* Pods-WhatFlower.release.xcconfig */;
			buildSettings = {
				ASSETCATALOG_COMPILER_APPICON_NAME = AppIcon;
				CODE_SIGN_STYLE = Automatic;
				DEVELOPMENT_TEAM = T4DBQYH346;
				INFOPLIST_FILE = WhatFlower/Info.plist;
				LD_RUNPATH_SEARCH_PATHS = (
					"$(inherited)",
					"@executable_path/Frameworks",
				);
				PRODUCT_BUNDLE_IDENTIFIER = com.projectnexusstudent3.WhatFlower;
				PRODUCT_NAME = "$(TARGET_NAME)";
				SWIFT_VERSION = 5.0;
				TARGETED_DEVICE_FAMILY = "1,2";
			};
			name = Release;
		};
/* End XCBuildConfiguration section */

/* Begin XCConfigurationList section */
		EEBC88F0230B302600E62CB9 /* Build configuration list for PBXProject "WhatFlower" */ = {
			isa = XCConfigurationList;
			buildConfigurations = (
				EEBC8905230B302700E62CB9 /* Debug */,
				EEBC8906230B302700E62CB9 /* Release */,
			);
			defaultConfigurationIsVisible = 0;
			defaultConfigurationName = Release;
		};
		EEBC8907230B302700E62CB9 /* Build configuration list for PBXNativeTarget "WhatFlower" */ = {
			isa = XCConfigurationList;
			buildConfigurations = (
				EEBC8908230B302700E62CB9 /* Debug */,
				EEBC8909230B302700E62CB9 /* Release */,
			);
			defaultConfigurationIsVisible = 0;
			defaultConfigurationName = Release;
		};
/* End XCConfigurationList section */
	};
	rootObject = EEBC88ED230B302600E62CB9 /* Project object */;
}
