// !$*UTF8*$!
{
	archiveVersion = 1;
	classes = {
	};
	objectVersion = 50;
	objects = {

/* Begin PBXBuildFile section */
		EEA5AAE3230ED1D500FD0294 /* AppDelegate.swift in Sources */ = {isa = PBXBuildFile; fileRef = EEA5AAE2230ED1D500FD0294 /* AppDelegate.swift */; };
		EEA5AAE5230ED1D500FD0294 /* art.scnassets in Resources */ = {isa = PBXBuildFile; fileRef = EEA5AAE4230ED1D500FD0294 /* art.scnassets */; };
		EEA5AAE7230ED1D500FD0294 /* ViewController.swift in Sources */ = {isa = PBXBuildFile; fileRef = EEA5AAE6230ED1D500FD0294 /* ViewController.swift */; };
		EEA5AAEA230ED1D500FD0294 /* Main.storyboard in Resources */ = {isa = PBXBuildFile; fileRef = EEA5AAE8230ED1D500FD0294 /* Main.storyboard */; };
		EEA5AAEC230ED1D700FD0294 /* Assets.xcassets in Resources */ = {isa = PBXBuildFile; fileRef = EEA5AAEB230ED1D700FD0294 /* Assets.xcassets */; };
		EEA5AAEF230ED1D700FD0294 /* LaunchScreen.storyboard in Resources */ = {isa = PBXBuildFile; fileRef = EEA5AAED230ED1D700FD0294 /* LaunchScreen.storyboard */; };
/* End PBXBuildFile section */

/* Begin PBXFileReference section */
		EEA5AADF230ED1D500FD0294 /* Poke 3D.app */ = {isa = PBXFileReference; explicitFileType = wrapper.application; includeInIndex = 0; path = "Poke 3D.app"; sourceTree = BUILT_PRODUCTS_DIR; };
		EEA5AAE2230ED1D500FD0294 /* AppDelegate.swift */ = {isa = PBXFileReference; lastKnownFileType = sourcecode.swift; path = AppDelegate.swift; sourceTree = "<group>"; };
		EEA5AAE4230ED1D500FD0294 /* art.scnassets */ = {isa = PBXFileReference; lastKnownFileType = wrapper.scnassets; path = art.scnassets; sourceTree = "<group>"; };
		EEA5AAE6230ED1D500FD0294 /* ViewController.swift */ = {isa = PBXFileReference; lastKnownFileType = sourcecode.swift; path = ViewController.swift; sourceTree = "<group>"; };
		EEA5AAE9230ED1D500FD0294 /* Base */ = {isa = PBXFileReference; lastKnownFileType = file.storyboard; name = Base; path = Base.lproj/Main.storyboard; sourceTree = "<group>"; };
		EEA5AAEB230ED1D700FD0294 /* Assets.xcassets */ = {isa = PBXFileReference; lastKnownFileType = folder.assetcatalog; path = Assets.xcassets; sourceTree = "<group>"; };
		EEA5AAEE230ED1D700FD0294 /* Base */ = {isa = PBXFileReference; lastKnownFileType = file.storyboard; name = Base; path = Base.lproj/LaunchScreen.storyboard; sourceTree = "<group>"; };
		EEA5AAF0230ED1D700FD0294 /* Info.plist */ = {isa = PBXFileReference; lastKnownFileType = text.plist.xml; path = Info.plist; sourceTree = "<group>"; };
/* End PBXFileReference section */

/* Begin PBXFrameworksBuildPhase section */
		EEA5AADC230ED1D500FD0294 /* Frameworks */ = {
			isa = PBXFrameworksBuildPhase;
			buildActionMask = 2147483647;
			files = (
			);
			runOnlyForDeploymentPostprocessing = 0;
		};
/* End PBXFrameworksBuildPhase section */

/* Begin PBXGroup section */
		EEA5AAD6230ED1D500FD0294 = {
			isa = PBXGroup;
			children = (
				EEA5AAE1230ED1D500FD0294 /* Poke 3D */,
				EEA5AAE0230ED1D500FD0294 /* Products */,
			);
			sourceTree = "<group>";
		};
		EEA5AAE0230ED1D500FD0294 /* Products */ = {
			isa = PBXGroup;
			children = (
				EEA5AADF230ED1D500FD0294 /* Poke 3D.app */,
			);
			name = Products;
			sourceTree = "<group>";
		};
		EEA5AAE1230ED1D500FD0294 /* Poke 3D */ = {
			isa = PBXGroup;
			children = (
				EEA5AAE2230ED1D500FD0294 /* AppDelegate.swift */,
				EEA5AAE4230ED1D500FD0294 /* art.scnassets */,
				EEA5AAE6230ED1D500FD0294 /* ViewController.swift */,
				EEA5AAE8230ED1D500FD0294 /* Main.storyboard */,
				EEA5AAEB230ED1D700FD0294 /* Assets.xcassets */,
				EEA5AAED230ED1D700FD0294 /* LaunchScreen.storyboard */,
				EEA5AAF0230ED1D700FD0294 /* Info.plist */,
			);
			path = "Poke 3D";
			sourceTree = "<group>";
		};
/* End PBXGroup section */

/* Begin PBXNativeTarget section */
		EEA5AADE230ED1D500FD0294 /* Poke 3D */ = {
			isa = PBXNativeTarget;
			buildConfigurationList = EEA5AAF3230ED1D700FD0294 /* Build configuration list for PBXNativeTarget "Poke 3D" */;
			buildPhases = (
				EEA5AADB230ED1D500FD0294 /* Sources */,
				EEA5AADC230ED1D500FD0294 /* Frameworks */,
				EEA5AADD230ED1D500FD0294 /* Resources */,
			);
			buildRules = (
			);
			dependencies = (
			);
			name = "Poke 3D";
			productName = "Poke 3D";
			productReference = EEA5AADF230ED1D500FD0294 /* Poke 3D.app */;
			productType = "com.apple.product-type.application";
		};
/* End PBXNativeTarget section */

/* Begin PBXProject section */
		EEA5AAD7230ED1D500FD0294 /* Project object */ = {
			isa = PBXProject;
			attributes = {
				LastSwiftUpdateCheck = 1030;
				LastUpgradeCheck = 1030;
				ORGANIZATIONNAME = "TTA Student";
				TargetAttributes = {
					EEA5AADE230ED1D500FD0294 = {
						CreatedOnToolsVersion = 10.3;
					};
				};
			};
			buildConfigurationList = EEA5AADA230ED1D500FD0294 /* Build configuration list for PBXProject "Poke 3D" */;
			compatibilityVersion = "Xcode 9.3";
			developmentRegion = en;
			hasScannedForEncodings = 0;
			knownRegions = (
				en,
				Base,
			);
			mainGroup = EEA5AAD6230ED1D500FD0294;
			productRefGroup = EEA5AAE0230ED1D500FD0294 /* Products */;
			projectDirPath = "";
			projectRoot = "";
			targets = (
				EEA5AADE230ED1D500FD0294 /* Poke 3D */,
			);
		};
/* End PBXProject section */

/* Begin PBXResourcesBuildPhase section */
		EEA5AADD230ED1D500FD0294 /* Resources */ = {
			isa = PBXResourcesBuildPhase;
			buildActionMask = 2147483647;
			files = (
				EEA5AAE5230ED1D500FD0294 /* art.scnassets in Resources */,
				EEA5AAEF230ED1D700FD0294 /* LaunchScreen.storyboard in Resources */,
				EEA5AAEC230ED1D700FD0294 /* Assets.xcassets in Resources */,
				EEA5AAEA230ED1D500FD0294 /* Main.storyboard in Resources */,
			);
			runOnlyForDeploymentPostprocessing = 0;
		};
/* End PBXResourcesBuildPhase section */

/* Begin PBXSourcesBuildPhase section */
		EEA5AADB230ED1D500FD0294 /* Sources */ = {
			isa = PBXSourcesBuildPhase;
			buildActionMask = 2147483647;
			files = (
				EEA5AAE7230ED1D500FD0294 /* ViewController.swift in Sources */,
				EEA5AAE3230ED1D500FD0294 /* AppDelegate.swift in Sources */,
			);
			runOnlyForDeploymentPostprocessing = 0;
		};
/* End PBXSourcesBuildPhase section */

/* Begin PBXVariantGroup section */
		EEA5AAE8230ED1D500FD0294 /* Main.storyboard */ = {
			isa = PBXVariantGroup;
			children = (
				EEA5AAE9230ED1D500FD0294 /* Base */,
			);
			name = Main.storyboard;
			sourceTree = "<group>";
		};
		EEA5AAED230ED1D700FD0294 /* LaunchScreen.storyboard */ = {
			isa = PBXVariantGroup;
			children = (
				EEA5AAEE230ED1D700FD0294 /* Base */,
			);
			name = LaunchScreen.storyboard;
			sourceTree = "<group>";
		};
/* End PBXVariantGroup section */

/* Begin XCBuildConfiguration section */
		EEA5AAF1230ED1D700FD0294 /* Debug */ = {
			isa = XCBuildConfiguration;
			buildSettings = {
				ALWAYS_SEARCH_USER_PATHS = NO;
				CLANG_ANALYZER_NONNULL = YES;
				CLANG_ANALYZER_NUMBER_OBJECT_CONVERSION = YES_AGGRESSIVE;
				CLANG_CXX_LANGUAGE_STANDARD = "gnu++14";
				CLANG_CXX_LIBRARY = "libc++";
				CLANG_ENABLE_MODULES = YES;
				CLANG_ENABLE_OBJC_ARC = YES;
				CLANG_ENABLE_OBJC_WEAK = YES;
				CLANG_WARN_BLOCK_CAPTURE_AUTORELEASING = YES;
				CLANG_WARN_BOOL_CONVERSION = YES;
				CLANG_WARN_COMMA = YES;
				CLANG_WARN_CONSTANT_CONVERSION = YES;
				CLANG_WARN_DEPRECATED_OBJC_IMPLEMENTATIONS = YES;
				CLANG_WARN_DIRECT_OBJC_ISA_USAGE = YES_ERROR;
				CLANG_WARN_DOCUMENTATION_COMMENTS = YES;
				CLANG_WARN_EMPTY_BODY = YES;
				CLANG_WARN_ENUM_CONVERSION = YES;
				CLANG_WARN_INFINITE_RECURSION = YES;
				CLANG_WARN_INT_CONVERSION = YES;
				CLANG_WARN_NON_LITERAL_NULL_CONVERSION = YES;
				CLANG_WARN_OBJC_IMPLICIT_RETAIN_SELF = YES;
				CLANG_WARN_OBJC_LITERAL_CONVERSION = YES;
				CLANG_WARN_OBJC_ROOT_CLASS = YES_ERROR;
				CLANG_WARN_RANGE_LOOP_ANALYSIS = YES;
				CLANG_WARN_STRICT_PROTOTYPES = YES;
				CLANG_WARN_SUSPICIOUS_MOVE = YES;
				CLANG_WARN_UNGUARDED_AVAILABILITY = YES_AGGRESSIVE;
				CLANG_WARN_UNREACHABLE_CODE = YES;
				CLANG_WARN__DUPLICATE_METHOD_MATCH = YES;
				CODE_SIGN_IDENTITY = "iPhone Developer";
				COPY_PHASE_STRIP = NO;
				DEBUG_INFORMATION_FORMAT = dwarf;
				ENABLE_STRICT_OBJC_MSGSEND = YES;
				ENABLE_TESTABILITY = YES;
				GCC_C_LANGUAGE_STANDARD = gnu11;
				GCC_DYNAMIC_NO_PIC = NO;
				GCC_NO_COMMON_BLOCKS = YES;
				GCC_OPTIMIZATION_LEVEL = 0;
				GCC_PREPROCESSOR_DEFINITIONS = (
					"DEBUG=1",
					"$(inherited)",
				);
				GCC_WARN_64_TO_32_BIT_CONVERSION = YES;
				GCC_WARN_ABOUT_RETURN_TYPE = YES_ERROR;
				GCC_WARN_UNDECLARED_SELECTOR = YES;
				GCC_WARN_UNINITIALIZED_AUTOS = YES_AGGRESSIVE;
				GCC_WARN_UNUSED_FUNCTION = YES;
				GCC_WARN_UNUSED_VARIABLE = YES;
				IPHONEOS_DEPLOYMENT_TARGET = 12.4;
				MTL_ENABLE_DEBUG_INFO = INCLUDE_SOURCE;
				MTL_FAST_MATH = YES;
				ONLY_ACTIVE_ARCH = YES;
				SDKROOT = iphoneos;
				SWIFT_ACTIVE_COMPILATION_CONDITIONS = DEBUG;
				SWIFT_OPTIMIZATION_LEVEL = "-Onone";
			};
			name = Debug;
		};
		EEA5AAF2230ED1D700FD0294 /* Release */ = {
			isa = XCBuildConfiguration;
			buildSettings = {
				ALWAYS_SEARCH_USER_PATHS = NO;
				CLANG_ANALYZER_NONNULL = YES;
				CLANG_ANALYZER_NUMBER_OBJECT_CONVERSION = YES_AGGRESSIVE;
				CLANG_CXX_LANGUAGE_STANDARD = "gnu++14";
				CLANG_CXX_LIBRARY = "libc++";
				CLANG_ENABLE_MODULES = YES;
				CLANG_ENABLE_OBJC_ARC = YES;
				CLANG_ENABLE_OBJC_WEAK = YES;
				CLANG_WARN_BLOCK_CAPTURE_AUTORELEASING = YES;
				CLANG_WARN_BOOL_CONVERSION = YES;
				CLANG_WARN_COMMA = YES;
				CLANG_WARN_CONSTANT_CONVERSION = YES;
				CLANG_WARN_DEPRECATED_OBJC_IMPLEMENTATIONS = YES;
				CLANG_WARN_DIRECT_OBJC_ISA_USAGE = YES_ERROR;
				CLANG_WARN_DOCUMENTATION_COMMENTS = YES;
				CLANG_WARN_EMPTY_BODY = YES;
				CLANG_WARN_ENUM_CONVERSION = YES;
				CLANG_WARN_INFINITE_RECURSION = YES;
				CLANG_WARN_INT_CONVERSION = YES;
				CLANG_WARN_NON_LITERAL_NULL_CONVERSION = YES;
				CLANG_WARN_OBJC_IMPLICIT_RETAIN_SELF = YES;
				CLANG_WARN_OBJC_LITERAL_CONVERSION = YES;
				CLANG_WARN_OBJC_ROOT_CLASS = YES_ERROR;
				CLANG_WARN_RANGE_LOOP_ANALYSIS = YES;
				CLANG_WARN_STRICT_PROTOTYPES = YES;
				CLANG_WARN_SUSPICIOUS_MOVE = YES;
				CLANG_WARN_UNGUARDED_AVAILABILITY = YES_AGGRESSIVE;
				CLANG_WARN_UNREACHABLE_CODE = YES;
				CLANG_WARN__DUPLICATE_METHOD_MATCH = YES;
				CODE_SIGN_IDENTITY = "iPhone Developer";
				COPY_PHASE_STRIP = NO;
				DEBUG_INFORMATION_FORMAT = "dwarf-with-dsym";
				ENABLE_NS_ASSERTIONS = NO;
				ENABLE_STRICT_OBJC_MSGSEND = YES;
				GCC_C_LANGUAGE_STANDARD = gnu11;
				GCC_NO_COMMON_BLOCKS = YES;
				GCC_WARN_64_TO_32_BIT_CONVERSION = YES;
				GCC_WARN_ABOUT_RETURN_TYPE = YES_ERROR;
				GCC_WARN_UNDECLARED_SELECTOR = YES;
				GCC_WARN_UNINITIALIZED_AUTOS = YES_AGGRESSIVE;
				GCC_WARN_UNUSED_FUNCTION = YES;
				GCC_WARN_UNUSED_VARIABLE = YES;
				IPHONEOS_DEPLOYMENT_TARGET = 12.4;
				MTL_ENABLE_DEBUG_INFO = NO;
				MTL_FAST_MATH = YES;
				SDKROOT = iphoneos;
				SWIFT_COMPILATION_MODE = wholemodule;
				SWIFT_OPTIMIZATION_LEVEL = "-O";
				VALIDATE_PRODUCT = YES;
			};
			name = Release;
		};
		EEA5AAF4230ED1D700FD0294 /* Debug */ = {
			isa = XCBuildConfiguration;
			buildSettings = {
				ASSETCATALOG_COMPILER_APPICON_NAME = AppIcon;
				CODE_SIGN_STYLE = Automatic;
				DEVELOPMENT_TEAM = T4DBQYH346;
				INFOPLIST_FILE = "Poke 3D/Info.plist";
				LD_RUNPATH_SEARCH_PATHS = (
					"$(inherited)",
					"@executable_path/Frameworks",
				);
				PRODUCT_BUNDLE_IDENTIFIER = "com.projectnexusstudent3.Poke-3D";
				PRODUCT_NAME = "$(TARGET_NAME)";
				SWIFT_VERSION = 5.0;
				TARGETED_DEVICE_FAMILY = "1,2";
			};
			name = Debug;
		};
		EEA5AAF5230ED1D700FD0294 /* Release */ = {
			isa = XCBuildConfiguration;
			buildSettings = {
				ASSETCATALOG_COMPILER_APPICON_NAME = AppIcon;
				CODE_SIGN_STYLE = Automatic;
				DEVELOPMENT_TEAM = T4DBQYH346;
				INFOPLIST_FILE = "Poke 3D/Info.plist";
				LD_RUNPATH_SEARCH_PATHS = (
					"$(inherited)",
					"@executable_path/Frameworks",
				);
				PRODUCT_BUNDLE_IDENTIFIER = "com.projectnexusstudent3.Poke-3D";
				PRODUCT_NAME = "$(TARGET_NAME)";
				SWIFT_VERSION = 5.0;
				TARGETED_DEVICE_FAMILY = "1,2";
			};
			name = Release;
		};
/* End XCBuildConfiguration section */

/* Begin XCConfigurationList section */
		EEA5AADA230ED1D500FD0294 /* Build configuration list for PBXProject "Poke 3D" */ = {
			isa = XCConfigurationList;
			buildConfigurations = (
				EEA5AAF1230ED1D700FD0294 /* Debug */,
				EEA5AAF2230ED1D700FD0294 /* Release */,
			);
			defaultConfigurationIsVisible = 0;
			defaultConfigurationName = Release;
		};
		EEA5AAF3230ED1D700FD0294 /* Build configuration list for PBXNativeTarget "Poke 3D" */ = {
			isa = XCConfigurationList;
			buildConfigurations = (
				EEA5AAF4230ED1D700FD0294 /* Debug */,
				EEA5AAF5230ED1D700FD0294 /* Release */,
			);
			defaultConfigurationIsVisible = 0;
			defaultConfigurationName = Release;
		};
/* End XCConfigurationList section */
	};
	rootObject = EEA5AAD7230ED1D500FD0294 /* Project object */;
}
